
Microsoft Visual Studio Solution File, Format Version 12.00
# Visual Studio 15
VisualStudioVersion = 15.0.27130.2027
MinimumVisualStudioVersion = 10.0.40219.1
Project("{FAE04EC0-301F-11D3-BF4B-00C04F79EFBC}") = "HW_File", "HW_File\HW_File.csproj", "{66EFB90B-AD3D-4AF1-BDA1-3E61458617E5}"
EndProject
Global
	GlobalSection(SolutionConfigurationPlatforms) = preSolution
		Debug|Any CPU = Debug|Any CPU
		Release|Any CPU = Release|Any CPU
	EndGlobalSection
	GlobalSection(ProjectConfigurationPlatforms) = postSolution
		{66EFB90B-AD3D-4AF1-BDA1-3E61458617E5}.Debug|Any CPU.ActiveCfg = Debug|Any CPU
		{66EFB90B-AD3D-4AF1-BDA1-3E61458617E5}.Debug|Any CPU.Build.0 = Debug|Any CPU
		{66EFB90B-AD3D-4AF1-BDA1-3E61458617E5}.Release|Any CPU.ActiveCfg = Release|Any CPU
		{66EFB90B-AD3D-4AF1-BDA1-3E61458617E5}.Release|Any CPU.Build.0 = Release|Any CPU
	EndGlobalSection
	GlobalSection(SolutionProperties) = preSolution
		HideSolutionNode = FALSE
	EndGlobalSection
	GlobalSection(ExtensibilityGlobals) = postSolution
		SolutionGuid = {809C6C4C-4CE7-4A53-B11B-A55A633DB5CF}
	EndGlobalSection
EndGlobal
